
Microsoft Visual Studio Solution File, Format Version 12.00
# Visual Studio Version 17
VisualStudioVersion = 17.2.32526.322
MinimumVisualStudioVersion = 10.0.40219.1
Project("{2150E333-8FDC-42A3-9474-1A3956D46DE8}") = "GetWayAPI", "GetWayAPI", "{5F0C9F47-6695-4525-9580-D10D05DBAC21}"
EndProject
Project("{2150E333-8FDC-42A3-9474-1A3956D46DE8}") = "src", "src", "{8C99DB9B-D6C5-4EF4-B1C3-E8E77E9603C8}"
EndProject
Project("{FAE04EC0-301F-11D3-BF4B-00C04F79EFBC}") = "Product.API", "src\Product.API\Product.API\Product.API.csproj", "{4A83BCEE-0041-4862-8245-DFFAEDFA1757}"
EndProject
Project("{FAE04EC0-301F-11D3-BF4B-00C04F79EFBC}") = "Account.API", "Account.API\Account.API.csproj", "{2A8EDDCA-8601-4AB5-BEE0-467C51D390D8}"
EndProject
Project("{FAE04EC0-301F-11D3-BF4B-00C04F79EFBC}") = "Microservice.Core", "src\Core\Microservice.Core\Microservice.Core.csproj", "{BAF294D7-BBD9-4488-B6B7-A94FC1BD8EF8}"
EndProject
Project("{FAE04EC0-301F-11D3-BF4B-00C04F79EFBC}") = "ReverseProxy", "GetWay\ReverseProxy\ReverseProxy.csproj", "{180140CE-38F8-426F-8201-0DFA6C819213}"
EndProject
Project("{FAE04EC0-301F-11D3-BF4B-00C04F79EFBC}") = "Cart.API", "src\Cart.API\Cart.API\Cart.API.csproj", "{1A3ED7AE-16C5-44ED-82BA-AD4A3A1B0102}"
EndProject
Project("{FAE04EC0-301F-11D3-BF4B-00C04F79EFBC}") = "Microservices.DataAccess", "Microservices.DataAccess\Microservices.DataAccess.csproj", "{AD90F037-921A-4EEA-B7C0-CC0B8C97B54F}"
EndProject
Project("{2150E333-8FDC-42A3-9474-1A3956D46DE8}") = "LoggingServices", "LoggingServices", "{AC79BAB1-4996-4744-B44B-7A139BBA878B}"
EndProject
Project("{FAE04EC0-301F-11D3-BF4B-00C04F79EFBC}") = "Logging.DataAcess", "src\Loging.API\DataAcess\Logging.DataAcess\Logging.DataAcess.csproj", "{DE010D30-7B86-4BBB-B09B-143C7B06C9FD}"
EndProject
Project("{FAE04EC0-301F-11D3-BF4B-00C04F79EFBC}") = "Loging.API", "Loging.API\Loging.API.csproj", "{5428DA7C-439F-43E0-9BBB-615EBCD0A0D9}"
EndProject
Project("{FAE04EC0-301F-11D3-BF4B-00C04F79EFBC}") = "BlazorAppDemo", "BlazorAppDemo\BlazorAppDemo.csproj", "{24D1164E-684B-4133-885E-2FD3CFBAD4D9}"
EndProject
Global
	GlobalSection(SolutionConfigurationPlatforms) = preSolution
		Debug|Any CPU = Debug|Any CPU
		Release|Any CPU = Release|Any CPU
	EndGlobalSection
	GlobalSection(ProjectConfigurationPlatforms) = postSolution
		{4A83BCEE-0041-4862-8245-DFFAEDFA1757}.Debug|Any CPU.ActiveCfg = Debug|Any CPU
		{4A83BCEE-0041-4862-8245-DFFAEDFA1757}.Debug|Any CPU.Build.0 = Debug|Any CPU
		{4A83BCEE-0041-4862-8245-DFFAEDFA1757}.Release|Any CPU.ActiveCfg = Release|Any CPU
		{4A83BCEE-0041-4862-8245-DFFAEDFA1757}.Release|Any CPU.Build.0 = Release|Any CPU
		{2A8EDDCA-8601-4AB5-BEE0-467C51D390D8}.Debug|Any CPU.ActiveCfg = Debug|Any CPU
		{2A8EDDCA-8601-4AB5-BEE0-467C51D390D8}.Debug|Any CPU.Build.0 = Debug|Any CPU
		{2A8EDDCA-8601-4AB5-BEE0-467C51D390D8}.Release|Any CPU.ActiveCfg = Release|Any CPU
		{2A8EDDCA-8601-4AB5-BEE0-467C51D390D8}.Release|Any CPU.Build.0 = Release|Any CPU
		{BAF294D7-BBD9-4488-B6B7-A94FC1BD8EF8}.Debug|Any CPU.ActiveCfg = Debug|Any CPU
		{BAF294D7-BBD9-4488-B6B7-A94FC1BD8EF8}.Debug|Any CPU.Build.0 = Debug|Any CPU
		{BAF294D7-BBD9-4488-B6B7-A94FC1BD8EF8}.Release|Any CPU.ActiveCfg = Release|Any CPU
		{BAF294D7-BBD9-4488-B6B7-A94FC1BD8EF8}.Release|Any CPU.Build.0 = Release|Any CPU
		{180140CE-38F8-426F-8201-0DFA6C819213}.Debug|Any CPU.ActiveCfg = Debug|Any CPU
		{180140CE-38F8-426F-8201-0DFA6C819213}.Debug|Any CPU.Build.0 = Debug|Any CPU
		{180140CE-38F8-426F-8201-0DFA6C819213}.Release|Any CPU.ActiveCfg = Release|Any CPU
		{180140CE-38F8-426F-8201-0DFA6C819213}.Release|Any CPU.Build.0 = Release|Any CPU
		{1A3ED7AE-16C5-44ED-82BA-AD4A3A1B0102}.Debug|Any CPU.ActiveCfg = Debug|Any CPU
		{1A3ED7AE-16C5-44ED-82BA-AD4A3A1B0102}.Debug|Any CPU.Build.0 = Debug|Any CPU
		{1A3ED7AE-16C5-44ED-82BA-AD4A3A1B0102}.Release|Any CPU.ActiveCfg = Release|Any CPU
		{1A3ED7AE-16C5-44ED-82BA-AD4A3A1B0102}.Release|Any CPU.Build.0 = Release|Any CPU
		{AD90F037-921A-4EEA-B7C0-CC0B8C97B54F}.Debug|Any CPU.ActiveCfg = Debug|Any CPU
		{AD90F037-921A-4EEA-B7C0-CC0B8C97B54F}.Debug|Any CPU.Build.0 = Debug|Any CPU
		{AD90F037-921A-4EEA-B7C0-CC0B8C97B54F}.Release|Any CPU.ActiveCfg = Release|Any CPU
		{AD90F037-921A-4EEA-B7C0-CC0B8C97B54F}.Release|Any CPU.Build.0 = Release|Any CPU
		{DE010D30-7B86-4BBB-B09B-143C7B06C9FD}.Debug|Any CPU.ActiveCfg = Debug|Any CPU
		{DE010D30-7B86-4BBB-B09B-143C7B06C9FD}.Debug|Any CPU.Build.0 = Debug|Any CPU
		{DE010D30-7B86-4BBB-B09B-143C7B06C9FD}.Release|Any CPU.ActiveCfg = Release|Any CPU
		{DE010D30-7B86-4BBB-B09B-143C7B06C9FD}.Release|Any CPU.Build.0 = Release|Any CPU
		{5428DA7C-439F-43E0-9BBB-615EBCD0A0D9}.Debug|Any CPU.ActiveCfg = Debug|Any CPU
		{5428DA7C-439F-43E0-9BBB-615EBCD0A0D9}.Debug|Any CPU.Build.0 = Debug|Any CPU
		{5428DA7C-439F-43E0-9BBB-615EBCD0A0D9}.Release|Any CPU.ActiveCfg = Release|Any CPU
		{5428DA7C-439F-43E0-9BBB-615EBCD0A0D9}.Release|Any CPU.Build.0 = Release|Any CPU
		{24D1164E-684B-4133-885E-2FD3CFBAD4D9}.Debug|Any CPU.ActiveCfg = Debug|Any CPU
		{24D1164E-684B-4133-885E-2FD3CFBAD4D9}.Debug|Any CPU.Build.0 = Debug|Any CPU
		{24D1164E-684B-4133-885E-2FD3CFBAD4D9}.Release|Any CPU.ActiveCfg = Release|Any CPU
		{24D1164E-684B-4133-885E-2FD3CFBAD4D9}.Release|Any CPU.Build.0 = Release|Any CPU
	EndGlobalSection
	GlobalSection(SolutionProperties) = preSolution
		HideSolutionNode = FALSE
	EndGlobalSection
	GlobalSection(NestedProjects) = preSolution
		{4A83BCEE-0041-4862-8245-DFFAEDFA1757} = {8C99DB9B-D6C5-4EF4-B1C3-E8E77E9603C8}
		{2A8EDDCA-8601-4AB5-BEE0-467C51D390D8} = {8C99DB9B-D6C5-4EF4-B1C3-E8E77E9603C8}
		{BAF294D7-BBD9-4488-B6B7-A94FC1BD8EF8} = {8C99DB9B-D6C5-4EF4-B1C3-E8E77E9603C8}
		{180140CE-38F8-426F-8201-0DFA6C819213} = {5F0C9F47-6695-4525-9580-D10D05DBAC21}
		{1A3ED7AE-16C5-44ED-82BA-AD4A3A1B0102} = {8C99DB9B-D6C5-4EF4-B1C3-E8E77E9603C8}
		{AD90F037-921A-4EEA-B7C0-CC0B8C97B54F} = {8C99DB9B-D6C5-4EF4-B1C3-E8E77E9603C8}
		{AC79BAB1-4996-4744-B44B-7A139BBA878B} = {8C99DB9B-D6C5-4EF4-B1C3-E8E77E9603C8}
		{DE010D30-7B86-4BBB-B09B-143C7B06C9FD} = {AC79BAB1-4996-4744-B44B-7A139BBA878B}
		{5428DA7C-439F-43E0-9BBB-615EBCD0A0D9} = {AC79BAB1-4996-4744-B44B-7A139BBA878B}
	EndGlobalSection
	GlobalSection(ExtensibilityGlobals) = postSolution
		SolutionGuid = {201F6473-21DD-4174-825C-AF59A180AFE5}
	EndGlobalSection
EndGlobal
